
Microsoft Visual Studio Solution File, Format Version 12.00
# Visual Studio Version 16
VisualStudioVersion = 16.0.30204.135
MinimumVisualStudioVersion = 10.0.40219.1
Project("{FAE04EC0-301F-11D3-BF4B-00C04F79EFBC}") = "Totvs.Entidade", "Totvs.Entidade\Totvs.Entidade.csproj", "{6E2331FC-4368-4DF3-A0E9-036CB3CD7E4C}"
EndProject
Project("{FAE04EC0-301F-11D3-BF4B-00C04F79EFBC}") = "Totvs.Servico", "Totvs.Servico\Totvs.Servico.csproj", "{98A53BF7-CC69-4AC2-BFBF-70CB5B71146B}"
EndProject
Project("{FAE04EC0-301F-11D3-BF4B-00C04F79EFBC}") = "Totvs.Repositorio", "Totvs.Repositorio\Totvs.Repositorio.csproj", "{4950D559-6C5F-4AAA-97CD-DBAFE0CD799B}"
EndProject
Project("{FAE04EC0-301F-11D3-BF4B-00C04F79EFBC}") = "Testes", "Testes\Testes.csproj", "{4EC9BFE7-73A1-4A8A-84C6-65678795B192}"
EndProject
Project("{2150E333-8FDC-42A3-9474-1A3956D46DE8}") = "Scripts", "Scripts", "{E31B12E6-C14E-466D-891D-30EC45C8B8A5}"
EndProject
Project("{FAE04EC0-301F-11D3-BF4B-00C04F79EFBC}") = "WebApplication1", "WebApplication1\WebApplication1.csproj", "{0DEF25B7-CAF0-4BAD-AC1A-5C1F43061CEE}"
EndProject
Global
	GlobalSection(SolutionConfigurationPlatforms) = preSolution
		Debug|Any CPU = Debug|Any CPU
		Release|Any CPU = Release|Any CPU
	EndGlobalSection
	GlobalSection(ProjectConfigurationPlatforms) = postSolution
		{6E2331FC-4368-4DF3-A0E9-036CB3CD7E4C}.Debug|Any CPU.ActiveCfg = Debug|Any CPU
		{6E2331FC-4368-4DF3-A0E9-036CB3CD7E4C}.Debug|Any CPU.Build.0 = Debug|Any CPU
		{6E2331FC-4368-4DF3-A0E9-036CB3CD7E4C}.Release|Any CPU.ActiveCfg = Release|Any CPU
		{6E2331FC-4368-4DF3-A0E9-036CB3CD7E4C}.Release|Any CPU.Build.0 = Release|Any CPU
		{98A53BF7-CC69-4AC2-BFBF-70CB5B71146B}.Debug|Any CPU.ActiveCfg = Debug|Any CPU
		{98A53BF7-CC69-4AC2-BFBF-70CB5B71146B}.Debug|Any CPU.Build.0 = Debug|Any CPU
		{98A53BF7-CC69-4AC2-BFBF-70CB5B71146B}.Release|Any CPU.ActiveCfg = Release|Any CPU
		{98A53BF7-CC69-4AC2-BFBF-70CB5B71146B}.Release|Any CPU.Build.0 = Release|Any CPU
		{4950D559-6C5F-4AAA-97CD-DBAFE0CD799B}.Debug|Any CPU.ActiveCfg = Debug|Any CPU
		{4950D559-6C5F-4AAA-97CD-DBAFE0CD799B}.Debug|Any CPU.Build.0 = Debug|Any CPU
		{4950D559-6C5F-4AAA-97CD-DBAFE0CD799B}.Release|Any CPU.ActiveCfg = Release|Any CPU
		{4950D559-6C5F-4AAA-97CD-DBAFE0CD799B}.Release|Any CPU.Build.0 = Release|Any CPU
		{4EC9BFE7-73A1-4A8A-84C6-65678795B192}.Debug|Any CPU.ActiveCfg = Debug|Any CPU
		{4EC9BFE7-73A1-4A8A-84C6-65678795B192}.Debug|Any CPU.Build.0 = Debug|Any CPU
		{4EC9BFE7-73A1-4A8A-84C6-65678795B192}.Release|Any CPU.ActiveCfg = Release|Any CPU
		{4EC9BFE7-73A1-4A8A-84C6-65678795B192}.Release|Any CPU.Build.0 = Release|Any CPU
		{0DEF25B7-CAF0-4BAD-AC1A-5C1F43061CEE}.Debug|Any CPU.ActiveCfg = Debug|Any CPU
		{0DEF25B7-CAF0-4BAD-AC1A-5C1F43061CEE}.Debug|Any CPU.Build.0 = Debug|Any CPU
		{0DEF25B7-CAF0-4BAD-AC1A-5C1F43061CEE}.Release|Any CPU.ActiveCfg = Release|Any CPU
		{0DEF25B7-CAF0-4BAD-AC1A-5C1F43061CEE}.Release|Any CPU.Build.0 = Release|Any CPU
	EndGlobalSection
	GlobalSection(SolutionProperties) = preSolution
		HideSolutionNode = FALSE
	EndGlobalSection
	GlobalSection(ExtensibilityGlobals) = postSolution
		SolutionGuid = {E44C2A3F-E5B0-49AA-BE89-1887523C7C2B}
	EndGlobalSection
EndGlobal
